
Microsoft Visual Studio Solution File, Format Version 12.00
# Visual Studio Version 17
VisualStudioVersion = 17.0.32014.148
MinimumVisualStudioVersion = 10.0.40219.1
Project("{9092AA53-FB77-4645-B42D-1CCCA6BD08BD}") = "SCRIPTED", "SCRIPTED.njsproj", "{47FD12ED-F213-4CF2-93F1-03C31F000BFE}"
EndProject
Global
	GlobalSection(SolutionConfigurationPlatforms) = preSolution
		Debug|Any CPU = Debug|Any CPU
		Release|Any CPU = Release|Any CPU
	EndGlobalSection
	GlobalSection(ProjectConfigurationPlatforms) = postSolution
		{47FD12ED-F213-4CF2-93F1-03C31F000BFE}.Debug|Any CPU.ActiveCfg = Debug|Any CPU
		{47FD12ED-F213-4CF2-93F1-03C31F000BFE}.Debug|Any CPU.Build.0 = Debug|Any CPU
		{47FD12ED-F213-4CF2-93F1-03C31F000BFE}.Release|Any CPU.ActiveCfg = Release|Any CPU
		{47FD12ED-F213-4CF2-93F1-03C31F000BFE}.Release|Any CPU.Build.0 = Release|Any CPU
	EndGlobalSection
	GlobalSection(SolutionProperties) = preSolution
		HideSolutionNode = FALSE
	EndGlobalSection
	GlobalSection(ExtensibilityGlobals) = postSolution
		SolutionGuid = {24B604B6-54F6-4A39-9FA2-E7B0FA4ED1D3}
	EndGlobalSection
EndGlobal
